
Microsoft Visual Studio Solution File, Format Version 12.00
# Visual Studio Version 17
VisualStudioVersion = 17.4.33213.308
MinimumVisualStudioVersion = 10.0.40219.1
Project("{FAE04EC0-301F-11D3-BF4B-00C04F79EFBC}") = "Proyecto Punto Venta", "Proyecto Punto Venta\Proyecto Punto Venta.csproj", "{D5C83DF6-AD59-42A2-A9C3-2EECDC086269}"
EndProject
Global
	GlobalSection(SolutionConfigurationPlatforms) = preSolution
		Debug|Any CPU = Debug|Any CPU
		Release|Any CPU = Release|Any CPU
	EndGlobalSection
	GlobalSection(ProjectConfigurationPlatforms) = postSolution
		{D5C83DF6-AD59-42A2-A9C3-2EECDC086269}.Debug|Any CPU.ActiveCfg = Debug|Any CPU
		{D5C83DF6-AD59-42A2-A9C3-2EECDC086269}.Debug|Any CPU.Build.0 = Debug|Any CPU
		{D5C83DF6-AD59-42A2-A9C3-2EECDC086269}.Release|Any CPU.ActiveCfg = Release|Any CPU
		{D5C83DF6-AD59-42A2-A9C3-2EECDC086269}.Release|Any CPU.Build.0 = Release|Any CPU
	EndGlobalSection
	GlobalSection(SolutionProperties) = preSolution
		HideSolutionNode = FALSE
	EndGlobalSection
	GlobalSection(ExtensibilityGlobals) = postSolution
		SolutionGuid = {AB01E712-D464-4A78-A8F5-D20B0A1962EB}
	EndGlobalSection
EndGlobal
